
Microsoft Visual Studio Solution File, Format Version 12.00
# Visual Studio Version 16
VisualStudioVersion = 16.0.810.20
MinimumVisualStudioVersion = 10.0.40219.1
Project("{FAE04EC0-301F-11D3-BF4B-00C04F79EFBC}") = "Ejercicio_8_3_11", "Ejercicio_8_3_11\Ejercicio_8_3_11.csproj", "{0EAF2164-6C17-4BF1-AA1A-17B6E6573AAF}"
EndProject
Global
	GlobalSection(SolutionConfigurationPlatforms) = preSolution
		Debug|Any CPU = Debug|Any CPU
		Release|Any CPU = Release|Any CPU
	EndGlobalSection
	GlobalSection(ProjectConfigurationPlatforms) = postSolution
		{0EAF2164-6C17-4BF1-AA1A-17B6E6573AAF}.Debug|Any CPU.ActiveCfg = Debug|Any CPU
		{0EAF2164-6C17-4BF1-AA1A-17B6E6573AAF}.Debug|Any CPU.Build.0 = Debug|Any CPU
		{0EAF2164-6C17-4BF1-AA1A-17B6E6573AAF}.Release|Any CPU.ActiveCfg = Release|Any CPU
		{0EAF2164-6C17-4BF1-AA1A-17B6E6573AAF}.Release|Any CPU.Build.0 = Release|Any CPU
	EndGlobalSection
	GlobalSection(SolutionProperties) = preSolution
		HideSolutionNode = FALSE
	EndGlobalSection
	GlobalSection(ExtensibilityGlobals) = postSolution
		SolutionGuid = {1F00E195-89B3-457A-B8EF-F0D36427C694}
	EndGlobalSection
EndGlobal
