
Microsoft Visual Studio Solution File, Format Version 12.00
# Visual Studio Version 16
VisualStudioVersion = 16.0.810.20
MinimumVisualStudioVersion = 10.0.40219.1
Project("{FAE04EC0-301F-11D3-BF4B-00C04F79EFBC}") = "Ejercicio_8_4_1", "Ejercicio_8_4_1\Ejercicio_8_4_1.csproj", "{D5E06560-6B74-4D63-AD15-04D8BBAF5722}"
EndProject
Global
	GlobalSection(SolutionConfigurationPlatforms) = preSolution
		Debug|Any CPU = Debug|Any CPU
		Release|Any CPU = Release|Any CPU
	EndGlobalSection
	GlobalSection(ProjectConfigurationPlatforms) = postSolution
		{D5E06560-6B74-4D63-AD15-04D8BBAF5722}.Debug|Any CPU.ActiveCfg = Debug|Any CPU
		{D5E06560-6B74-4D63-AD15-04D8BBAF5722}.Debug|Any CPU.Build.0 = Debug|Any CPU
		{D5E06560-6B74-4D63-AD15-04D8BBAF5722}.Release|Any CPU.ActiveCfg = Release|Any CPU
		{D5E06560-6B74-4D63-AD15-04D8BBAF5722}.Release|Any CPU.Build.0 = Release|Any CPU
	EndGlobalSection
	GlobalSection(SolutionProperties) = preSolution
		HideSolutionNode = FALSE
	EndGlobalSection
	GlobalSection(ExtensibilityGlobals) = postSolution
		SolutionGuid = {D4D0A969-0D15-487A-9A71-86A52FBABD3E}
	EndGlobalSection
EndGlobal
