
Microsoft Visual Studio Solution File, Format Version 12.00
# Visual Studio Version 17
VisualStudioVersion = 17.4.33213.308
MinimumVisualStudioVersion = 10.0.40219.1
Project("{FAE04EC0-301F-11D3-BF4B-00C04F79EFBC}") = "Ej0808_1", "Ej0808_1.csproj", "{43625B6B-524D-445E-B4E7-5D7B5B31AC4D}"
EndProject
Global
	GlobalSection(SolutionConfigurationPlatforms) = preSolution
		Debug|Any CPU = Debug|Any CPU
		Release|Any CPU = Release|Any CPU
	EndGlobalSection
	GlobalSection(ProjectConfigurationPlatforms) = postSolution
		{43625B6B-524D-445E-B4E7-5D7B5B31AC4D}.Debug|Any CPU.ActiveCfg = Debug|Any CPU
		{43625B6B-524D-445E-B4E7-5D7B5B31AC4D}.Debug|Any CPU.Build.0 = Debug|Any CPU
		{43625B6B-524D-445E-B4E7-5D7B5B31AC4D}.Release|Any CPU.ActiveCfg = Release|Any CPU
		{43625B6B-524D-445E-B4E7-5D7B5B31AC4D}.Release|Any CPU.Build.0 = Release|Any CPU
	EndGlobalSection
	GlobalSection(SolutionProperties) = preSolution
		HideSolutionNode = FALSE
	EndGlobalSection
	GlobalSection(ExtensibilityGlobals) = postSolution
		SolutionGuid = {9EA6944C-BD49-43EB-B49E-F11E02318814}
	EndGlobalSection
EndGlobal
