
Microsoft Visual Studio Solution File, Format Version 12.00
# Visual Studio Version 17
VisualStudioVersion = 17.4.33213.308
MinimumVisualStudioVersion = 10.0.40219.1
Project("{FAE04EC0-301F-11D3-BF4B-00C04F79EFBC}") = "Ej0802_EstructuraEnFichero", "Ej0802_EstructuraEnFichero.csproj", "{296C3326-A8A1-459C-911F-A4FA44665637}"
EndProject
Global
	GlobalSection(SolutionConfigurationPlatforms) = preSolution
		Debug|Any CPU = Debug|Any CPU
		Release|Any CPU = Release|Any CPU
	EndGlobalSection
	GlobalSection(ProjectConfigurationPlatforms) = postSolution
		{296C3326-A8A1-459C-911F-A4FA44665637}.Debug|Any CPU.ActiveCfg = Debug|Any CPU
		{296C3326-A8A1-459C-911F-A4FA44665637}.Debug|Any CPU.Build.0 = Debug|Any CPU
		{296C3326-A8A1-459C-911F-A4FA44665637}.Release|Any CPU.ActiveCfg = Release|Any CPU
		{296C3326-A8A1-459C-911F-A4FA44665637}.Release|Any CPU.Build.0 = Release|Any CPU
	EndGlobalSection
	GlobalSection(SolutionProperties) = preSolution
		HideSolutionNode = FALSE
	EndGlobalSection
	GlobalSection(ExtensibilityGlobals) = postSolution
		SolutionGuid = {803F4942-C3D7-448E-8FF6-F3E8D9CAE9D5}
	EndGlobalSection
EndGlobal
